# THIS IS AN AUTOGENERATED FILE. DO NOT EDIT THIS FILE DIRECTLY.
# yarn lockfile v1


evolution-graph@^1.0.18:
  version "1.0.18"
  resolved "https://registry.yarnpkg.com/evolution-graph/-/evolution-graph-1.0.18.tgz#9ee463e83aa06db86f71b3d874e2f3a3aca925ce"
  integrity sha512-BaW1aIO5kndOiz7WqFgBdapeaEkDYVql4O3tv1aNWY3QEWoAD2GnOTsPatWhX9WS/MI16oyINUBisJeCufXdEw==
